
Microsoft Visual Studio Solution File, Format Version 12.00
# Visual Studio Version 17
VisualStudioVersion = 17.9.34723.18
MinimumVisualStudioVersion = 10.0.40219.1
Project("{FAE04EC0-301F-11D3-BF4B-00C04F79EFBC}") = "Scheduler", "Scheduler.csproj", "{6AED2F7B-E2DD-4F40-B58B-7A23015B5A4D}"
EndProject
Global
	GlobalSection(SolutionConfigurationPlatforms) = preSolution
		Debug|Any CPU = Debug|Any CPU
		Release|Any CPU = Release|Any CPU
	EndGlobalSection
	GlobalSection(ProjectConfigurationPlatforms) = postSolution
		{6AED2F7B-E2DD-4F40-B58B-7A23015B5A4D}.Debug|Any CPU.ActiveCfg = Debug|Any CPU
		{6AED2F7B-E2DD-4F40-B58B-7A23015B5A4D}.Debug|Any CPU.Build.0 = Debug|Any CPU
		{6AED2F7B-E2DD-4F40-B58B-7A23015B5A4D}.Release|Any CPU.ActiveCfg = Release|Any CPU
		{6AED2F7B-E2DD-4F40-B58B-7A23015B5A4D}.Release|Any CPU.Build.0 = Release|Any CPU
	EndGlobalSection
	GlobalSection(SolutionProperties) = preSolution
		HideSolutionNode = FALSE
	EndGlobalSection
	GlobalSection(ExtensibilityGlobals) = postSolution
		SolutionGuid = {2F8E9F86-40FA-41F4-9250-AB662E834F47}
	EndGlobalSection
EndGlobal
